
Microsoft Visual Studio Solution File, Format Version 12.00
# Visual Studio Version 17
VisualStudioVersion = 17.3.32825.248
MinimumVisualStudioVersion = 10.0.40219.1
Project("{FAE04EC0-301F-11D3-BF4B-00C04F79EFBC}") = "Curse", "Curse\Curse.csproj", "{8DBCE730-A6F0-4564-A045-07BA8EE94AE1}"
EndProject
Global
	GlobalSection(SolutionConfigurationPlatforms) = preSolution
		Debug|Any CPU = Debug|Any CPU
		Release|Any CPU = Release|Any CPU
	EndGlobalSection
	GlobalSection(ProjectConfigurationPlatforms) = postSolution
		{8DBCE730-A6F0-4564-A045-07BA8EE94AE1}.Debug|Any CPU.ActiveCfg = Debug|Any CPU
		{8DBCE730-A6F0-4564-A045-07BA8EE94AE1}.Debug|Any CPU.Build.0 = Debug|Any CPU
		{8DBCE730-A6F0-4564-A045-07BA8EE94AE1}.Release|Any CPU.ActiveCfg = Release|Any CPU
		{8DBCE730-A6F0-4564-A045-07BA8EE94AE1}.Release|Any CPU.Build.0 = Release|Any CPU
	EndGlobalSection
	GlobalSection(SolutionProperties) = preSolution
		HideSolutionNode = FALSE
	EndGlobalSection
	GlobalSection(ExtensibilityGlobals) = postSolution
		SolutionGuid = {6C247ADA-A1CA-4EA1-94F5-E2653F3CE835}
	EndGlobalSection
EndGlobal
